
Microsoft Visual Studio Solution File, Format Version 12.00
# Visual Studio Version 16
VisualStudioVersion = 16.0.31019.35
MinimumVisualStudioVersion = 10.0.40219.1
Project("{FAE04EC0-301F-11D3-BF4B-00C04F79EFBC}") = "ChaCha20-BLAKE3", "ChaCha20-BLAKE3\ChaCha20-BLAKE3.csproj", "{129A5471-2792-4515-8EEB-74B8417D21C0}"
EndProject
Global
	GlobalSection(SolutionConfigurationPlatforms) = preSolution
		Debug|Any CPU = Debug|Any CPU
		Release|Any CPU = Release|Any CPU
	EndGlobalSection
	GlobalSection(ProjectConfigurationPlatforms) = postSolution
		{129A5471-2792-4515-8EEB-74B8417D21C0}.Debug|Any CPU.ActiveCfg = Debug|Any CPU
		{129A5471-2792-4515-8EEB-74B8417D21C0}.Debug|Any CPU.Build.0 = Debug|Any CPU
		{129A5471-2792-4515-8EEB-74B8417D21C0}.Release|Any CPU.ActiveCfg = Release|Any CPU
		{129A5471-2792-4515-8EEB-74B8417D21C0}.Release|Any CPU.Build.0 = Release|Any CPU
	EndGlobalSection
	GlobalSection(SolutionProperties) = preSolution
		HideSolutionNode = FALSE
	EndGlobalSection
	GlobalSection(ExtensibilityGlobals) = postSolution
		SolutionGuid = {E983BC8F-27E3-44F1-AB8A-CB9AFE8FBEA1}
	EndGlobalSection
EndGlobal
